Microsoft Visual Studio Solution File, Format Version 12.00
# Visual Studio Version 17
VisualStudioVersion = 17.13.35825.156
MinimumVisualStudioVersion = 10.0.40219.1
Project("{FAE04EC0-301F-11D3-BF4B-00C04F79EFBC}") = "ArenaFight", "ArenaFight\ArenaFight.csproj", "{D5B2BFCE-F051-4B36-92F9-FF1405FD2D24}"
EndProject
Global
	GlobalSection(SolutionConfigurationPlatforms) = preSolution
		Debug|Any CPU = Debug|Any CPU
		Release|Any CPU = Release|Any CPU
	EndGlobalSection
	GlobalSection(ProjectConfigurationPlatforms) = postSolution
		{D5B2BFCE-F051-4B36-92F9-FF1405FD2D24}.Debug|Any CPU.ActiveCfg = Debug|Any CPU
		{D5B2BFCE-F051-4B36-92F9-FF1405FD2D24}.Debug|Any CPU.Build.0 = Debug|Any CPU
		{D5B2BFCE-F051-4B36-92F9-FF1405FD2D24}.Release|Any CPU.ActiveCfg = Release|Any CPU
		{D5B2BFCE-F051-4B36-92F9-FF1405FD2D24}.Release|Any CPU.Build.0 = Release|Any CPU
	EndGlobalSection
	GlobalSection(SolutionProperties) = preSolution
		HideSolutionNode = FALSE
	EndGlobalSection
	GlobalSection(ExtensibilityGlobals) = postSolution
		SolutionGuid = {B23B7069-DE79-4E3C-B64F-7306B3B731B3}
	EndGlobalSection
EndGlobal
